{
  "name": "divisiblebysevenbutnoteleven",
  "version": "1.0.0",
  "lockfileVersion": 1,
  "requires": true,
  "dependencies": {
    "divisible": {
      "version": "0.1.0",
      "resolved": "https://registry.npmjs.org/divisible/-/divisible-0.1.0.tgz",
      "integrity": "sha512-UTzADnnpmMbQenBd6oM4yiUcXiwLQqfD1WYQhSlTuYz6oTFUCG0/ngDXMoJ8B8TaUkXWGmo5+Y8CGOE9395CJg=="
    },
    "divisiblebybutnotdivisibleby": {
      "version": "1.0.0",
      "resolved": "https://registry.npmjs.org/divisiblebybutnotdivisibleby/-/divisiblebybutnotdivisibleby-1.0.0.tgz",
      "integrity": "sha512-AtR6rafQsE62KFu6UY8mjYdsihKsSTojkNx4zzQQXWj7c+GXH/K7Wf1qgpevjJamJpZ+cMDCI4/TSpYXgxj9Dw==",
      "requires": {
        "divisible": "^0.1.0"
      }
    }
  }
}
